// !$*UTF8*$!
{
	archiveVersion = 1;
	classes = {
	};
	objectVersion = 56;
	objects = {

/* Begin PBXBuildFile section */
		6C33A5F02C53A9BF00B88B82 /* SearchResultViewController.swift in Sources */ = {isa = PBXBuildFile; fileRef = 6C33A5EF2C53A9BF00B88B82 /* SearchResultViewController.swift */; };
		6CCD19F32C4159AE00728B61 /* AppDelegate.swift in Sources */ = {isa = PBXBuildFile; fileRef = 6CCD19F22C4159AE00728B61 /* AppDelegate.swift */; };
		6CCD19F52C4159AE00728B61 /* SceneDelegate.swift in Sources */ = {isa = PBXBuildFile; fileRef = 6CCD19F42C4159AE00728B61 /* SceneDelegate.swift */; };
		6CCD19F72C4159AE00728B61 /* MainTabBarViewController.swift in Sources */ = {isa = PBXBuildFile; fileRef = 6CCD19F62C4159AE00728B61 /* MainTabBarViewController.swift */; };
		6CCD19FC2C4159B500728B61 /* Assets.xcassets in Resources */ = {isa = PBXBuildFile; fileRef = 6CCD19FB2C4159B500728B61 /* Assets.xcassets */; };
		6CCD19FF2C4159B500728B61 /* LaunchScreen.storyboard in Resources */ = {isa = PBXBuildFile; fileRef = 6CCD19FD2C4159B500728B61 /* LaunchScreen.storyboard */; };
		6CCD1A082C41608000728B61 /* HomeViewController.swift in Sources */ = {isa = PBXBuildFile; fileRef = 6CCD1A072C41608000728B61 /* HomeViewController.swift */; };
		6CCD1A0A2C4160BD00728B61 /* UpcomingViewController.swift in Sources */ = {isa = PBXBuildFile; fileRef = 6CCD1A092C4160BD00728B61 /* UpcomingViewController.swift */; };
		6CCD1A0C2C41610600728B61 /* SearchViewController.swift in Sources */ = {isa = PBXBuildFile; fileRef = 6CCD1A0B2C41610600728B61 /* SearchViewController.swift */; };
		6CCD1A0E2C41614400728B61 /* DownloadsViewController.swift in Sources */ = {isa = PBXBuildFile; fileRef = 6CCD1A0D2C41614400728B61 /* DownloadsViewController.swift */; };
		6CCD1A152C41789200728B61 /* CollectionViewTableViewCell.swift in Sources */ = {isa = PBXBuildFile; fileRef = 6CCD1A142C41789200728B61 /* CollectionViewTableViewCell.swift */; };
		6CCD1A172C42DA3300728B61 /* HeroHeaderUIView.swift in Sources */ = {isa = PBXBuildFile; fileRef = 6CCD1A162C42DA3300728B61 /* HeroHeaderUIView.swift */; };
		6CCD1A192C4528A100728B61 /* APICaller.swift in Sources */ = {isa = PBXBuildFile; fileRef = 6CCD1A182C4528A100728B61 /* APICaller.swift */; };
		6CCD1A1B2C45869100728B61 /* MoviesModel.swift in Sources */ = {isa = PBXBuildFile; fileRef = 6CCD1A1A2C45869100728B61 /* MoviesModel.swift */; };
		6CCD1A1D2C491EAD00728B61 /* TitleCollectionViewCell.swift in Sources */ = {isa = PBXBuildFile; fileRef = 6CCD1A1C2C491EAC00728B61 /* TitleCollectionViewCell.swift */; };
		6CCD1A202C498D7500728B61 /* SDWebImage in Frameworks */ = {isa = PBXBuildFile; productRef = 6CCD1A1F2C498D7500728B61 /* SDWebImage */; };
		6CCD1A222C498D7600728B61 /* SDWebImageMapKit in Frameworks */ = {isa = PBXBuildFile; productRef = 6CCD1A212C498D7600728B61 /* SDWebImageMapKit */; };
		6CCD1A242C4C0B1A00728B61 /* MovieTableViewCell.swift in Sources */ = {isa = PBXBuildFile; fileRef = 6CCD1A232C4C0B1A00728B61 /* MovieTableViewCell.swift */; };
		6CCD1A262C4C281B00728B61 /* MovieViewModel.swift in Sources */ = {isa = PBXBuildFile; fileRef = 6CCD1A252C4C281B00728B61 /* MovieViewModel.swift */; };
/* End PBXBuildFile section */

/* Begin PBXFileReference section */
		6C33A5EF2C53A9BF00B88B82 /* SearchResultViewController.swift */ = {isa = PBXFileReference; lastKnownFileType = sourcecode.swift; path = SearchResultViewController.swift; sourceTree = "<group>"; };
		6CCD19EF2C4159AE00728B61 /* Netflix clone.app */ = {isa = PBXFileReference; explicitFileType = wrapper.application; includeInIndex = 0; path = "Netflix clone.app"; sourceTree = BUILT_PRODUCTS_DIR; };
		6CCD19F22C4159AE00728B61 /* AppDelegate.swift */ = {isa = PBXFileReference; lastKnownFileType = sourcecode.swift; path = AppDelegate.swift; sourceTree = "<group>"; };
		6CCD19F42C4159AE00728B61 /* SceneDelegate.swift */ = {isa = PBXFileReference; lastKnownFileType = sourcecode.swift; path = SceneDelegate.swift; sourceTree = "<group>"; };
		6CCD19F62C4159AE00728B61 /* MainTabBarViewController.swift */ = {isa = PBXFileReference; lastKnownFileType = sourcecode.swift; path = MainTabBarViewController.swift; sourceTree = "<group>"; };
		6CCD19FB2C4159B500728B61 /* Assets.xcassets */ = {isa = PBXFileReference; lastKnownFileType = folder.assetcatalog; path = Assets.xcassets; sourceTree = "<group>"; };
		6CCD19FE2C4159B500728B61 /* Base */ = {isa = PBXFileReference; lastKnownFileType = file.storyboard; name = Base; path = Base.lproj/LaunchScreen.storyboard; sourceTree = "<group>"; };
		6CCD1A002C4159B500728B61 /* Info.plist */ = {isa = PBXFileReference; lastKnownFileType = text.plist.xml; path = Info.plist; sourceTree = "<group>"; };
		6CCD1A072C41608000728B61 /* HomeViewController.swift */ = {isa = PBXFileReference; lastKnownFileType = sourcecode.swift; path = HomeViewController.swift; sourceTree = "<group>"; };
		6CCD1A092C4160BD00728B61 /* UpcomingViewController.swift */ = {isa = PBXFileReference; lastKnownFileType = sourcecode.swift; path = UpcomingViewController.swift; sourceTree = "<group>"; };
		6CCD1A0B2C41610600728B61 /* SearchViewController.swift */ = {isa = PBXFileReference; lastKnownFileType = sourcecode.swift; path = SearchViewController.swift; sourceTree = "<group>"; };
		6CCD1A0D2C41614400728B61 /* DownloadsViewController.swift */ = {isa = PBXFileReference; lastKnownFileType = sourcecode.swift; path = DownloadsViewController.swift; sourceTree = "<group>"; };
		6CCD1A142C41789200728B61 /* CollectionViewTableViewCell.swift */ = {isa = PBXFileReference; lastKnownFileType = sourcecode.swift; path = CollectionViewTableViewCell.swift; sourceTree = "<group>"; };
		6CCD1A162C42DA3300728B61 /* HeroHeaderUIView.swift */ = {isa = PBXFileReference; lastKnownFileType = sourcecode.swift; path = HeroHeaderUIView.swift; sourceTree = "<group>"; };
		6CCD1A182C4528A100728B61 /* APICaller.swift */ = {isa = PBXFileReference; lastKnownFileType = sourcecode.swift; path = APICaller.swift; sourceTree = "<group>"; };
		6CCD1A1A2C45869100728B61 /* MoviesModel.swift */ = {isa = PBXFileReference; lastKnownFileType = sourcecode.swift; path = MoviesModel.swift; sourceTree = "<group>"; };
		6CCD1A1C2C491EAC00728B61 /* TitleCollectionViewCell.swift */ = {isa = PBXFileReference; lastKnownFileType = sourcecode.swift; path = TitleCollectionViewCell.swift; sourceTree = "<group>"; };
		6CCD1A232C4C0B1A00728B61 /* MovieTableViewCell.swift */ = {isa = PBXFileReference; lastKnownFileType = sourcecode.swift; path = MovieTableViewCell.swift; sourceTree = "<group>"; };
		6CCD1A252C4C281B00728B61 /* MovieViewModel.swift */ = {isa = PBXFileReference; lastKnownFileType = sourcecode.swift; path = MovieViewModel.swift; sourceTree = "<group>"; };
/* End PBXFileReference section */

/* Begin PBXFrameworksBuildPhase section */
		6CCD19EC2C4159AE00728B61 /* Frameworks */ = {
			isa = PBXFrameworksBuildPhase;
			buildActionMask = 2147483647;
			files = (
				6CCD1A222C498D7600728B61 /* SDWebImageMapKit in Frameworks */,
				6CCD1A202C498D7500728B61 /* SDWebImage in Frameworks */,
			);
			runOnlyForDeploymentPostprocessing = 0;
		};
/* End PBXFrameworksBuildPhase section */

/* Begin PBXGroup section */
		6C33A5F12C53AB1D00B88B82 /* Core */ = {
			isa = PBXGroup;
			children = (
				6CCD1A072C41608000728B61 /* HomeViewController.swift */,
				6CCD1A092C4160BD00728B61 /* UpcomingViewController.swift */,
				6CCD1A0B2C41610600728B61 /* SearchViewController.swift */,
				6CCD1A0D2C41614400728B61 /* DownloadsViewController.swift */,
				6CCD19F62C4159AE00728B61 /* MainTabBarViewController.swift */,
			);
			path = Core;
			sourceTree = "<group>";
		};
		6C33A5F22C53AB2B00B88B82 /* General */ = {
			isa = PBXGroup;
			children = (
				6C33A5EF2C53A9BF00B88B82 /* SearchResultViewController.swift */,
			);
			path = General;
			sourceTree = "<group>";
		};
		6CCD19E62C4159AE00728B61 = {
			isa = PBXGroup;
			children = (
				6CCD19F12C4159AE00728B61 /* Netflix clone */,
				6CCD19F02C4159AE00728B61 /* Products */,
			);
			sourceTree = "<group>";
		};
		6CCD19F02C4159AE00728B61 /* Products */ = {
			isa = PBXGroup;
			children = (
				6CCD19EF2C4159AE00728B61 /* Netflix clone.app */,
			);
			name = Products;
			sourceTree = "<group>";
		};
		6CCD19F12C4159AE00728B61 /* Netflix clone */ = {
			isa = PBXGroup;
			children = (
				6CCD19F22C4159AE00728B61 /* AppDelegate.swift */,
				6CCD19F42C4159AE00728B61 /* SceneDelegate.swift */,
				6CCD1A132C4177FB00728B61 /* Managers */,
				6CCD1A122C4177F000728B61 /* Resources */,
				6CCD1A112C4173D100728B61 /* Views */,
				6CCD1A102C4173BE00728B61 /* ViewModels */,
				6CCD1A0F2C4173A600728B61 /* Models */,
				6CCD1A062C41605A00728B61 /* Controllers */,
				6CCD19FB2C4159B500728B61 /* Assets.xcassets */,
				6CCD19FD2C4159B500728B61 /* LaunchScreen.storyboard */,
				6CCD1A002C4159B500728B61 /* Info.plist */,
			);
			path = "Netflix clone";
			sourceTree = "<group>";
		};
		6CCD1A062C41605A00728B61 /* Controllers */ = {
			isa = PBXGroup;
			children = (
				6C33A5F12C53AB1D00B88B82 /* Core */,
				6C33A5F22C53AB2B00B88B82 /* General */,
			);
			path = Controllers;
			sourceTree = "<group>";
		};
		6CCD1A0F2C4173A600728B61 /* Models */ = {
			isa = PBXGroup;
			children = (
				6CCD1A1A2C45869100728B61 /* MoviesModel.swift */,
			);
			path = Models;
			sourceTree = "<group>";
		};
		6CCD1A102C4173BE00728B61 /* ViewModels */ = {
			isa = PBXGroup;
			children = (
				6CCD1A252C4C281B00728B61 /* MovieViewModel.swift */,
			);
			path = ViewModels;
			sourceTree = "<group>";
		};
		6CCD1A112C4173D100728B61 /* Views */ = {
			isa = PBXGroup;
			children = (
				6CCD1A142C41789200728B61 /* CollectionViewTableViewCell.swift */,
				6CCD1A1C2C491EAC00728B61 /* TitleCollectionViewCell.swift */,
				6CCD1A162C42DA3300728B61 /* HeroHeaderUIView.swift */,
				6CCD1A232C4C0B1A00728B61 /* MovieTableViewCell.swift */,
			);
			path = Views;
			sourceTree = "<group>";
		};
		6CCD1A122C4177F000728B61 /* Resources */ = {
			isa = PBXGroup;
			children = (
			);
			path = Resources;
			sourceTree = "<group>";
		};
		6CCD1A132C4177FB00728B61 /* Managers */ = {
			isa = PBXGroup;
			children = (
				6CCD1A182C4528A100728B61 /* APICaller.swift */,
			);
			path = Managers;
			sourceTree = "<group>";
		};
/* End PBXGroup section */

/* Begin PBXNativeTarget section */
		6CCD19EE2C4159AE00728B61 /* Netflix clone */ = {
			isa = PBXNativeTarget;
			buildConfigurationList = 6CCD1A032C4159B500728B61 /* Build configuration list for PBXNativeTarget "Netflix clone" */;
			buildPhases = (
				6CCD19EB2C4159AE00728B61 /* Sources */,
				6CCD19EC2C4159AE00728B61 /* Frameworks */,
				6CCD19ED2C4159AE00728B61 /* Resources */,
			);
			buildRules = (
			);
			dependencies = (
			);
			name = "Netflix clone";
			packageProductDependencies = (
				6CCD1A1F2C498D7500728B61 /* SDWebImage */,
				6CCD1A212C498D7600728B61 /* SDWebImageMapKit */,
			);
			productName = "Netflix clone";
			productReference = 6CCD19EF2C4159AE00728B61 /* Netflix clone.app */;
			productType = "com.apple.product-type.application";
		};
/* End PBXNativeTarget section */

/* Begin PBXProject section */
		6CCD19E72C4159AE00728B61 /* Project object */ = {
			isa = PBXProject;
			attributes = {
				BuildIndependentTargetsInParallel = 1;
				LastSwiftUpdateCheck = 1520;
				LastUpgradeCheck = 1520;
				TargetAttributes = {
					6CCD19EE2C4159AE00728B61 = {
						CreatedOnToolsVersion = 15.2;
					};
				};
			};
			buildConfigurationList = 6CCD19EA2C4159AE00728B61 /* Build configuration list for PBXProject "Netflix clone" */;
			compatibilityVersion = "Xcode 14.0";
			developmentRegion = en;
			hasScannedForEncodings = 0;
			knownRegions = (
				en,
				Base,
			);
			mainGroup = 6CCD19E62C4159AE00728B61;
			packageReferences = (
				6CCD1A1E2C498D7500728B61 /* XCRemoteSwiftPackageReference "SDWebImage" */,
			);
			productRefGroup = 6CCD19F02C4159AE00728B61 /* Products */;
			projectDirPath = "";
			projectRoot = "";
			targets = (
				6CCD19EE2C4159AE00728B61 /* Netflix clone */,
			);
		};
/* End PBXProject section */

/* Begin PBXResourcesBuildPhase section */
		6CCD19ED2C4159AE00728B61 /* Resources */ = {
			isa = PBXResourcesBuildPhase;
			buildActionMask = 2147483647;
			files = (
				6CCD19FF2C4159B500728B61 /* LaunchScreen.storyboard in Resources */,
				6CCD19FC2C4159B500728B61 /* Assets.xcassets in Resources */,
			);
			runOnlyForDeploymentPostprocessing = 0;
		};
/* End PBXResourcesBuildPhase section */

/* Begin PBXSourcesBuildPhase section */
		6CCD19EB2C4159AE00728B61 /* Sources */ = {
			isa = PBXSourcesBuildPhase;
			buildActionMask = 2147483647;
			files = (
				6CCD1A0C2C41610600728B61 /* SearchViewController.swift in Sources */,
				6CCD19F72C4159AE00728B61 /* MainTabBarViewController.swift in Sources */,
				6CCD1A152C41789200728B61 /* CollectionViewTableViewCell.swift in Sources */,
				6CCD1A192C4528A100728B61 /* APICaller.swift in Sources */,
				6CCD1A172C42DA3300728B61 /* HeroHeaderUIView.swift in Sources */,
				6CCD1A262C4C281B00728B61 /* MovieViewModel.swift in Sources */,
				6CCD1A0E2C41614400728B61 /* DownloadsViewController.swift in Sources */,
				6C33A5F02C53A9BF00B88B82 /* SearchResultViewController.swift in Sources */,
				6CCD19F32C4159AE00728B61 /* AppDelegate.swift in Sources */,
				6CCD19F52C4159AE00728B61 /* SceneDelegate.swift in Sources */,
				6CCD1A1B2C45869100728B61 /* MoviesModel.swift in Sources */,
				6CCD1A1D2C491EAD00728B61 /* TitleCollectionViewCell.swift in Sources */,
				6CCD1A0A2C4160BD00728B61 /* UpcomingViewController.swift in Sources */,
				6CCD1A082C41608000728B61 /* HomeViewController.swift in Sources */,
				6CCD1A242C4C0B1A00728B61 /* MovieTableViewCell.swift in Sources */,
			);
			runOnlyForDeploymentPostprocessing = 0;
		};
/* End PBXSourcesBuildPhase section */

/* Begin PBXVariantGroup section */
		6CCD19FD2C4159B500728B61 /* LaunchScreen.storyboard */ = {
			isa = PBXVariantGroup;
			children = (
				6CCD19FE2C4159B500728B61 /* Base */,
			);
			name = LaunchScreen.storyboard;
			sourceTree = "<group>";
		};
/* End PBXVariantGroup section */

/* Begin XCBuildConfiguration section */
		6CCD1A012C4159B500728B61 /* Debug */ = {
			isa = XCBuildConfiguration;
			buildSettings = {
				ALWAYS_SEARCH_USER_PATHS = NO;
				ASSETCATALOG_COMPILER_GENERATE_SWIFT_ASSET_SYMBOL_EXTENSIONS = YES;
				CLANG_ANALYZER_NONNULL = YES;
				CLANG_ANALYZER_NUMBER_OBJECT_CONVERSION = YES_AGGRESSIVE;
				CLANG_CXX_LANGUAGE_STANDARD = "gnu++20";
				CLANG_ENABLE_MODULES = YES;
				CLANG_ENABLE_OBJC_ARC = YES;
				CLANG_ENABLE_OBJC_WEAK = YES;
				CLANG_WARN_BLOCK_CAPTURE_AUTORELEASING = YES;
				CLANG_WARN_BOOL_CONVERSION = YES;
				CLANG_WARN_COMMA = YES;
				CLANG_WARN_CONSTANT_CONVERSION = YES;
				CLANG_WARN_DEPRECATED_OBJC_IMPLEMENTATIONS = YES;
				CLANG_WARN_DIRECT_OBJC_ISA_USAGE = YES_ERROR;
				CLANG_WARN_DOCUMENTATION_COMMENTS = YES;
				CLANG_WARN_EMPTY_BODY = YES;
				CLANG_WARN_ENUM_CONVERSION = YES;
				CLANG_WARN_INFINITE_RECURSION = YES;
				CLANG_WARN_INT_CONVERSION = YES;
				CLANG_WARN_NON_LITERAL_NULL_CONVERSION = YES;
				CLANG_WARN_OBJC_IMPLICIT_RETAIN_SELF = YES;
				CLANG_WARN_OBJC_LITERAL_CONVERSION = YES;
				CLANG_WARN_OBJC_ROOT_CLASS = YES_ERROR;
				CLANG_WARN_QUOTED_INCLUDE_IN_FRAMEWORK_HEADER = YES;
				CLANG_WARN_RANGE_LOOP_ANALYSIS = YES;
				CLANG_WARN_STRICT_PROTOTYPES = YES;
				CLANG_WARN_SUSPICIOUS_MOVE = YES;
				CLANG_WARN_UNGUARDED_AVAILABILITY = YES_AGGRESSIVE;
				CLANG_WARN_UNREACHABLE_CODE = YES;
				CLANG_WARN__DUPLICATE_METHOD_MATCH = YES;
				COPY_PHASE_STRIP = NO;
				DEBUG_INFORMATION_FORMAT = dwarf;
				ENABLE_STRICT_OBJC_MSGSEND = YES;
				ENABLE_TESTABILITY = YES;
				ENABLE_USER_SCRIPT_SANDBOXING = YES;
				GCC_C_LANGUAGE_STANDARD = gnu17;
				GCC_DYNAMIC_NO_PIC = NO;
				GCC_NO_COMMON_BLOCKS = YES;
				GCC_OPTIMIZATION_LEVEL = 0;
				GCC_PREPROCESSOR_DEFINITIONS = (
					"DEBUG=1",
					"$(inherited)",
				);
				GCC_WARN_64_TO_32_BIT_CONVERSION = YES;
				GCC_WARN_ABOUT_RETURN_TYPE = YES_ERROR;
				GCC_WARN_UNDECLARED_SELECTOR = YES;
				GCC_WARN_UNINITIALIZED_AUTOS = YES_AGGRESSIVE;
				GCC_WARN_UNUSED_FUNCTION = YES;
				GCC_WARN_UNUSED_VARIABLE = YES;
				IPHONEOS_DEPLOYMENT_TARGET = 17.2;
				LOCALIZATION_PREFERS_STRING_CATALOGS = YES;
				MTL_ENABLE_DEBUG_INFO = INCLUDE_SOURCE;
				MTL_FAST_MATH = YES;
				ONLY_ACTIVE_ARCH = YES;
				SDKROOT = iphoneos;
				SWIFT_ACTIVE_COMPILATION_CONDITIONS = "DEBUG $(inherited)";
				SWIFT_OPTIMIZATION_LEVEL = "-Onone";
			};
			name = Debug;
		};
		6CCD1A022C4159B500728B61 /* Release */ = {
			isa = XCBuildConfiguration;
			buildSettings = {
				ALWAYS_SEARCH_USER_PATHS = NO;
				ASSETCATALOG_COMPILER_GENERATE_SWIFT_ASSET_SYMBOL_EXTENSIONS = YES;
				CLANG_ANALYZER_NONNULL = YES;
				CLANG_ANALYZER_NUMBER_OBJECT_CONVERSION = YES_AGGRESSIVE;
				CLANG_CXX_LANGUAGE_STANDARD = "gnu++20";
				CLANG_ENABLE_MODULES = YES;
				CLANG_ENABLE_OBJC_ARC = YES;
				CLANG_ENABLE_OBJC_WEAK = YES;
				CLANG_WARN_BLOCK_CAPTURE_AUTORELEASING = YES;
				CLANG_WARN_BOOL_CONVERSION = YES;
				CLANG_WARN_COMMA = YES;
				CLANG_WARN_CONSTANT_CONVERSION = YES;
				CLANG_WARN_DEPRECATED_OBJC_IMPLEMENTATIONS = YES;
				CLANG_WARN_DIRECT_OBJC_ISA_USAGE = YES_ERROR;
				CLANG_WARN_DOCUMENTATION_COMMENTS = YES;
				CLANG_WARN_EMPTY_BODY = YES;
				CLANG_WARN_ENUM_CONVERSION = YES;
				CLANG_WARN_INFINITE_RECURSION = YES;
				CLANG_WARN_INT_CONVERSION = YES;
				CLANG_WARN_NON_LITERAL_NULL_CONVERSION = YES;
				CLANG_WARN_OBJC_IMPLICIT_RETAIN_SELF = YES;
				CLANG_WARN_OBJC_LITERAL_CONVERSION = YES;
				CLANG_WARN_OBJC_ROOT_CLASS = YES_ERROR;
				CLANG_WARN_QUOTED_INCLUDE_IN_FRAMEWORK_HEADER = YES;
				CLANG_WARN_RANGE_LOOP_ANALYSIS = YES;
				CLANG_WARN_STRICT_PROTOTYPES = YES;
				CLANG_WARN_SUSPICIOUS_MOVE = YES;
				CLANG_WARN_UNGUARDED_AVAILABILITY = YES_AGGRESSIVE;
				CLANG_WARN_UNREACHABLE_CODE = YES;
				CLANG_WARN__DUPLICATE_METHOD_MATCH = YES;
				COPY_PHASE_STRIP = NO;
				DEBUG_INFORMATION_FORMAT = "dwarf-with-dsym";
				ENABLE_NS_ASSERTIONS = NO;
				ENABLE_STRICT_OBJC_MSGSEND = YES;
				ENABLE_USER_SCRIPT_SANDBOXING = YES;
				GCC_C_LANGUAGE_STANDARD = gnu17;
				GCC_NO_COMMON_BLOCKS = YES;
				GCC_WARN_64_TO_32_BIT_CONVERSION = YES;
				GCC_WARN_ABOUT_RETURN_TYPE = YES_ERROR;
				GCC_WARN_UNDECLARED_SELECTOR = YES;
				GCC_WARN_UNINITIALIZED_AUTOS = YES_AGGRESSIVE;
				GCC_WARN_UNUSED_FUNCTION = YES;
				GCC_WARN_UNUSED_VARIABLE = YES;
				IPHONEOS_DEPLOYMENT_TARGET = 17.2;
				LOCALIZATION_PREFERS_STRING_CATALOGS = YES;
				MTL_ENABLE_DEBUG_INFO = NO;
				MTL_FAST_MATH = YES;
				SDKROOT = iphoneos;
				SWIFT_COMPILATION_MODE = wholemodule;
				VALIDATE_PRODUCT = YES;
			};
			name = Release;
		};
		6CCD1A042C4159B500728B61 /* Debug */ = {
			isa = XCBuildConfiguration;
			buildSettings = {
				ASSETCATALOG_COMPILER_APPICON_NAME = AppIcon;
				ASSETCATALOG_COMPILER_GLOBAL_ACCENT_COLOR_NAME = AccentColor;
				CODE_SIGN_STYLE = Automatic;
				CURRENT_PROJECT_VERSION = 1;
				DEVELOPMENT_TEAM = C2RY72XWQ2;
				GENERATE_INFOPLIST_FILE = YES;
				INFOPLIST_FILE = "Netflix clone/Info.plist";
				INFOPLIST_KEY_UIApplicationSupportsIndirectInputEvents = YES;
				INFOPLIST_KEY_UILaunchStoryboardName = LaunchScreen;
				INFOPLIST_KEY_UISupportedInterfaceOrientations_iPad = "UIInterfaceOrientationPortrait UIInterfaceOrientationPortraitUpsideDown UIInterfaceOrientationLandscapeLeft UIInterfaceOrientationLandscapeRight";
				INFOPLIST_KEY_UISupportedInterfaceOrientations_iPhone = "UIInterfaceOrientationPortrait UIInterfaceOrientationLandscapeLeft UIInterfaceOrientationLandscapeRight";
				LD_RUNPATH_SEARCH_PATHS = (
					"$(inherited)",
					"@executable_path/Frameworks",
				);
				MARKETING_VERSION = 1.0;
				PRODUCT_BUNDLE_IDENTIFIER = "com.sinavn.Netflix-clone";
				PRODUCT_NAME = "$(TARGET_NAME)";
				SWIFT_EMIT_LOC_STRINGS = YES;
				SWIFT_VERSION = 5.0;
				TARGETED_DEVICE_FAMILY = "1,2";
			};
			name = Debug;
		};
		6CCD1A052C4159B500728B61 /* Release */ = {
			isa = XCBuildConfiguration;
			buildSettings = {
				ASSETCATALOG_COMPILER_APPICON_NAME = AppIcon;
				ASSETCATALOG_COMPILER_GLOBAL_ACCENT_COLOR_NAME = AccentColor;
				CODE_SIGN_STYLE = Automatic;
				CURRENT_PROJECT_VERSION = 1;
				DEVELOPMENT_TEAM = C2RY72XWQ2;
				GENERATE_INFOPLIST_FILE = YES;
				INFOPLIST_FILE = "Netflix clone/Info.plist";
				INFOPLIST_KEY_UIApplicationSupportsIndirectInputEvents = YES;
				INFOPLIST_KEY_UILaunchStoryboardName = LaunchScreen;
				INFOPLIST_KEY_UISupportedInterfaceOrientations_iPad = "UIInterfaceOrientationPortrait UIInterfaceOrientationPortraitUpsideDown UIInterfaceOrientationLandscapeLeft UIInterfaceOrientationLandscapeRight";
				INFOPLIST_KEY_UISupportedInterfaceOrientations_iPhone = "UIInterfaceOrientationPortrait UIInterfaceOrientationLandscapeLeft UIInterfaceOrientationLandscapeRight";
				LD_RUNPATH_SEARCH_PATHS = (
					"$(inherited)",
					"@executable_path/Frameworks",
				);
				MARKETING_VERSION = 1.0;
				PRODUCT_BUNDLE_IDENTIFIER = "com.sinavn.Netflix-clone";
				PRODUCT_NAME = "$(TARGET_NAME)";
				SWIFT_EMIT_LOC_STRINGS = YES;
				SWIFT_VERSION = 5.0;
				TARGETED_DEVICE_FAMILY = "1,2";
			};
			name = Release;
		};
/* End XCBuildConfiguration section */

/* Begin XCConfigurationList section */
		6CCD19EA2C4159AE00728B61 /* Build configuration list for PBXProject "Netflix clone" */ = {
			isa = XCConfigurationList;
			buildConfigurations = (
				6CCD1A012C4159B500728B61 /* Debug */,
				6CCD1A022C4159B500728B61 /* Release */,
			);
			defaultConfigurationIsVisible = 0;
			defaultConfigurationName = Release;
		};
		6CCD1A032C4159B500728B61 /* Build configuration list for PBXNativeTarget "Netflix clone" */ = {
			isa = XCConfigurationList;
			buildConfigurations = (
				6CCD1A042C4159B500728B61 /* Debug */,
				6CCD1A052C4159B500728B61 /* Release */,
			);
			defaultConfigurationIsVisible = 0;
			defaultConfigurationName = Release;
		};
/* End XCConfigurationList section */

/* Begin XCRemoteSwiftPackageReference section */
		6CCD1A1E2C498D7500728B61 /* XCRemoteSwiftPackageReference "SDWebImage" */ = {
			isa = XCRemoteSwiftPackageReference;
			repositoryURL = "https://github.com/SDWebImage/SDWebImage.git";
			requirement = {
				kind = upToNextMajorVersion;
				minimumVersion = 5.19.4;
			};
		};
/* End XCRemoteSwiftPackageReference section */

/* Begin XCSwiftPackageProductDependency section */
		6CCD1A1F2C498D7500728B61 /* SDWebImage */ = {
			isa = XCSwiftPackageProductDependency;
			package = 6CCD1A1E2C498D7500728B61 /* XCRemoteSwiftPackageReference "SDWebImage" */;
			productName = SDWebImage;
		};
		6CCD1A212C498D7600728B61 /* SDWebImageMapKit */ = {
			isa = XCSwiftPackageProductDependency;
			package = 6CCD1A1E2C498D7500728B61 /* XCRemoteSwiftPackageReference "SDWebImage" */;
			productName = SDWebImageMapKit;
		};
/* End XCSwiftPackageProductDependency section */
	};
	rootObject = 6CCD19E72C4159AE00728B61 /* Project object */;
}
